
Microsoft Visual Studio Solution File, Format Version 12.00
# Visual Studio 15
VisualStudioVersion = 15.0.27004.2009
MinimumVisualStudioVersion = 10.0.40219.1
Project("{FAE04EC0-301F-11D3-BF4B-00C04F79EFBC}") = "Adv_CA_File_Experiments", "Adv_CA_File_Experiments\Adv_CA_File_Experiments.csproj", "{A378078A-1640-4717-B050-186994FE78DC}"
EndProject
Global
	GlobalSection(SolutionConfigurationPlatforms) = preSolution
		Debug|Any CPU = Debug|Any CPU
		Release|Any CPU = Release|Any CPU
	EndGlobalSection
	GlobalSection(ProjectConfigurationPlatforms) = postSolution
		{A378078A-1640-4717-B050-186994FE78DC}.Debug|Any CPU.ActiveCfg = Debug|Any CPU
		{A378078A-1640-4717-B050-186994FE78DC}.Debug|Any CPU.Build.0 = Debug|Any CPU
		{A378078A-1640-4717-B050-186994FE78DC}.Release|Any CPU.ActiveCfg = Release|Any CPU
		{A378078A-1640-4717-B050-186994FE78DC}.Release|Any CPU.Build.0 = Release|Any CPU
	EndGlobalSection
	GlobalSection(SolutionProperties) = preSolution
		HideSolutionNode = FALSE
	EndGlobalSection
	GlobalSection(ExtensibilityGlobals) = postSolution
		SolutionGuid = {66C5BE3B-3930-4181-BA26-366A2CE00655}
	EndGlobalSection
EndGlobal
